
Microsoft Visual Studio Solution File, Format Version 12.00
# Visual Studio Version 16
VisualStudioVersion = 16.0.29424.173
MinimumVisualStudioVersion = 10.0.40219.1
Project("{FAE04EC0-301F-11D3-BF4B-00C04F79EFBC}") = "CognitiveServices", "CognitiveServices.csproj", "{54C98DC8-2306-4C8B-A50F-D6560BB8D554}"
EndProject
Global
	GlobalSection(SolutionConfigurationPlatforms) = preSolution
		Debug|Any CPU = Debug|Any CPU
		Release|Any CPU = Release|Any CPU
	EndGlobalSection
	GlobalSection(ProjectConfigurationPlatforms) = postSolution
		{54C98DC8-2306-4C8B-A50F-D6560BB8D554}.Debug|Any CPU.ActiveCfg = Debug|Any CPU
		{54C98DC8-2306-4C8B-A50F-D6560BB8D554}.Debug|Any CPU.Build.0 = Debug|Any CPU
		{54C98DC8-2306-4C8B-A50F-D6560BB8D554}.Release|Any CPU.ActiveCfg = Release|Any CPU
		{54C98DC8-2306-4C8B-A50F-D6560BB8D554}.Release|Any CPU.Build.0 = Release|Any CPU
	EndGlobalSection
	GlobalSection(SolutionProperties) = preSolution
		HideSolutionNode = FALSE
	EndGlobalSection
	GlobalSection(ExtensibilityGlobals) = postSolution
		SolutionGuid = {B1C4230B-5D5C-4417-AB16-E8CAA87F82FA}
	EndGlobalSection
EndGlobal
